
Microsoft Visual Studio Solution File, Format Version 12.00
# Visual Studio 15
VisualStudioVersion = 15.0.28307.1705
MinimumVisualStudioVersion = 10.0.40219.1
Project("{00D1A9C2-B5F0-4AF3-8072-F6C62B433612}") = "SchoolDatabase", "SchoolDatabase\SchoolDatabase.sqlproj", "{CC2BA4D7-865F-4B38-82B8-E6D026BD9A04}"
EndProject
Global
	GlobalSection(SolutionConfigurationPlatforms) = preSolution
		Debug|Any CPU = Debug|Any CPU
		Release|Any CPU = Release|Any CPU
	EndGlobalSection
	GlobalSection(ProjectConfigurationPlatforms) = postSolution
		{CC2BA4D7-865F-4B38-82B8-E6D026BD9A04}.Debug|Any CPU.ActiveCfg = Debug|Any CPU
		{CC2BA4D7-865F-4B38-82B8-E6D026BD9A04}.Debug|Any CPU.Build.0 = Debug|Any CPU
		{CC2BA4D7-865F-4B38-82B8-E6D026BD9A04}.Debug|Any CPU.Deploy.0 = Debug|Any CPU
		{CC2BA4D7-865F-4B38-82B8-E6D026BD9A04}.Release|Any CPU.ActiveCfg = Release|Any CPU
		{CC2BA4D7-865F-4B38-82B8-E6D026BD9A04}.Release|Any CPU.Build.0 = Release|Any CPU
		{CC2BA4D7-865F-4B38-82B8-E6D026BD9A04}.Release|Any CPU.Deploy.0 = Release|Any CPU
	EndGlobalSection
	GlobalSection(SolutionProperties) = preSolution
		HideSolutionNode = FALSE
	EndGlobalSection
	GlobalSection(ExtensibilityGlobals) = postSolution
		SolutionGuid = {61D89989-5BEA-42E6-9DB8-11AD49E7018A}
	EndGlobalSection
EndGlobal
